{
  "version": "2",
  "remote": {
    "https://deno.land/std@0.136.0/_deno_unstable.ts": "23a1a36928f1b6d3b0170aaa67de09af12aa998525f608ff7331b9fb364cbde6",
    "https://deno.land/std@0.136.0/_util/assert.ts": "e94f2eb37cebd7f199952e242c77654e43333c1ac4c5c700e929ea3aa5489f74",
    "https://deno.land/std@0.136.0/_util/os.ts": "49b92edea1e82ba295ec946de8ffd956ed123e2948d9bd1d3e901b04e4307617",
    "https://deno.land/std@0.136.0/async/abortable.ts": "87aa7230be8360c24ad437212311c9e8d4328854baec27b4c7abb26e85515c06",
    "https://deno.land/std@0.136.0/async/deadline.ts": "48ac998d7564969f3e6ec6b6f9bf0217ebd00239b1b2292feba61272d5dd58d0",
    "https://deno.land/std@0.136.0/async/debounce.ts": "564273ef242bcfcda19a439132f940db8694173abffc159ea34f07d18fc42620",
    "https://deno.land/std@0.136.0/async/deferred.ts": "bc18e28108252c9f67dfca2bbc4587c3cbf3aeb6e155f8c864ca8ecff992b98a",
    "https://deno.land/std@0.136.0/async/delay.ts": "cbbdf1c87d1aed8edc7bae13592fb3e27e3106e0748f089c263390d4f49e5f6c",
    "https://deno.land/std@0.136.0/async/mod.ts": "2240c6841157738414331f47dee09bb8c0482c5b1980b6e3234dd03515c8132f",
    "https://deno.land/std@0.136.0/async/mux_async_iterator.ts": "f4d1d259b0c694d381770ddaaa4b799a94843eba80c17f4a2ec2949168e52d1e",
    "https://deno.land/std@0.136.0/async/pool.ts": "97b0dd27c69544e374df857a40902e74e39532f226005543eabacb551e277082",
    "https://deno.land/std@0.136.0/async/tee.ts": "1341feb1f5b1a96f8628d0f8fc07d8c43d3813423f18a63bf1b4785568d21b1f",
    "https://deno.land/std@0.136.0/bytes/bytes_list.ts": "67eb118e0b7891d2f389dad4add35856f4ad5faab46318ff99653456c23b025d",
    "https://deno.land/std@0.136.0/bytes/equals.ts": "a60ef9f01fb6e06a4e0343fc44d53d39d12dd66bc3f09ac8e6eb9cc1a6335e48",
    "https://deno.land/std@0.136.0/bytes/mod.ts": "4cef6fe8f0de217b9babbcbb0a566402b667f18a8e6d094a45e5fb3fc1afff70",
    "https://deno.land/std@0.136.0/encoding/base64.ts": "c8c16b4adaa60d7a8eee047c73ece26844435e8f7f1328d74593dbb2dd58ea4f",
    "https://deno.land/std@0.136.0/encoding/base64url.ts": "55f9d13df02efac10c6f96169daa3e702606a64e8aa27c0295f645f198c27130",
    "https://deno.land/std@0.136.0/fmt/colors.ts": "30455035d6d728394781c10755351742dd731e3db6771b1843f9b9e490104d37",
    "https://deno.land/std@0.136.0/fmt/printf.ts": "e2c0f72146aed1efecf0c39ab928b26ae493a2278f670a871a0fbdcf36ff3379",
    "https://deno.land/std@0.136.0/fs/_util.ts": "0fb24eb4bfebc2c194fb1afdb42b9c3dda12e368f43e8f2321f84fc77d42cb0f",
    "https://deno.land/std@0.136.0/fs/copy.ts": "9248d1492599957af8c693ceb10a432b09f0b0b61c60a4d6aff29b0c7d3a17b3",
    "https://deno.land/std@0.136.0/fs/empty_dir.ts": "7274d87160de34cbed0531e284df383045cf43543bbeadeb97feac598bd8f3c5",
    "https://deno.land/std@0.136.0/fs/ensure_dir.ts": "9dc109c27df4098b9fc12d949612ae5c9c7169507660dcf9ad90631833209d9d",
    "https://deno.land/std@0.136.0/fs/ensure_file.ts": "7d353e64fee3d4d1e7c6b6726a2a5e987ba402c15fb49566309042887349c545",
    "https://deno.land/std@0.136.0/fs/ensure_link.ts": "489e23df9fe3e6636048b5830ddf0f111eb29621eb85719255ad9bd645f3471b",
    "https://deno.land/std@0.136.0/fs/ensure_symlink.ts": "88dc83de1bc90ed883dd458c2d2eae3d5834a4617d12925734836e1f0803b274",
    "https://deno.land/std@0.136.0/fs/eol.ts": "b92f0b88036de507e7e6fbedbe8f666835ea9dcbf5ac85917fa1fadc919f83a5",
    "https://deno.land/std@0.136.0/fs/exists.ts": "cb734d872f8554ea40b8bff77ad33d4143c1187eac621a55bf37781a43c56f6d",
    "https://deno.land/std@0.136.0/fs/expand_glob.ts": "0c10130d67c9b02164b03df8e43c6d6defbf8e395cb69d09e84a8586e6d72ac3",
    "https://deno.land/std@0.136.0/fs/mod.ts": "4dc052c461c171abb5c25f6e0f218ab838a716230930b534ba351745864b7d6d",
    "https://deno.land/std@0.136.0/fs/move.ts": "0573cedcf583f09a9494f2dfccbf67de68a93629942d6b5e6e74a9e45d4e8a2e",
    "https://deno.land/std@0.136.0/fs/walk.ts": "117403ccd21fd322febe56ba06053b1ad5064c802170f19b1ea43214088fe95f",
    "https://deno.land/std@0.136.0/http/server.ts": "497b3aa3dc2d81e06a7727f2de209ab7315076bfe7346945aabab4cafb319ffc",
    "https://deno.land/std@0.136.0/io/buffer.ts": "bd0c4bf53db4b4be916ca5963e454bddfd3fcd45039041ea161dbf826817822b",
    "https://deno.land/std@0.136.0/node/_buffer.mjs": "f4a7df481d4eed06dc0151b833177d8ef74fc3a96dd4d2b073e690b6ced9474d",
    "https://deno.land/std@0.136.0/node/_core.ts": "568d277be2e086af996cbdd599fec569f5280e9a494335ca23ad392b130d7bb9",
    "https://deno.land/std@0.136.0/node/_next_tick.ts": "3546559be2b353208f8b10df81c6d9c26c045fa4ea811926f6596f2dc6b1b0b1",
    "https://deno.land/std@0.136.0/node/_process/exiting.ts": "bc9694769139ffc596f962087155a8bfef10101d03423b9dcbc51ce6e1f88fce",
    "https://deno.land/std@0.136.0/node/_util/_util_callbackify.ts": "79928ad80df3e469f7dcdb198118a7436d18a9f6c08bd7a4382332ad25a718cf",
    "https://deno.land/std@0.136.0/node/_utils.ts": "ae3ee3999c0b82c3d3d34c2ab5d85ff899f441662a9de05b52b68c39dce8a72c",
    "https://deno.land/std@0.136.0/node/buffer.ts": "fbecbf3f237fa49bec96e97ecf56a7b92d48037b3d11219288e68943cc921600",
    "https://deno.land/std@0.136.0/node/internal/buffer.mjs": "6662fe7fe517329453545be34cea27a24f8ccd6d09afd4f609f11ade2b6dfca7",
    "https://deno.land/std@0.136.0/node/internal/crypto/keys.ts": "16ce7b15a9fc5e4e3dee8fde75dae12f3d722558d5a1a6e65a9b4f86d64a21e9",
    "https://deno.land/std@0.136.0/node/internal/crypto/util.mjs": "1de55a47fdbed6721b467a77ba48fdd1550c10b5eee77bbdb602eaffee365a5e",
    "https://deno.land/std@0.136.0/node/internal/error_codes.ts": "ac03c4eae33de3a69d6c98e8678003207eecf75a6900eb847e3fea3c8c9e6d8f",
    "https://deno.land/std@0.136.0/node/internal/fixed_queue.ts": "455b3c484de48e810b13bdf95cd1658ecb1ba6bcb8b9315ffe994efcde3ba5f5",
    "https://deno.land/std@0.136.0/node/internal/hide_stack_frames.ts": "a91962ec84610bc7ec86022c4593cdf688156a5910c07b5bcd71994225c13a03",
    "https://deno.land/std@0.136.0/node/internal/normalize_encoding.mjs": "3779ec8a7adf5d963b0224f9b85d1bc974a2ec2db0e858396b5d3c2c92138a0a",
    "https://deno.land/std@0.136.0/node/internal/util.mjs": "2f0c8ff553c175ea6e4ed13d7cd7cd6b86dc093dc2f783c6c3dfc63f60a0943e",
    "https://deno.land/std@0.136.0/node/internal/util/comparisons.ts": "680b55fe8bdf1613633bc469fa0440f43162c76dbe36af9aa2966310e1bb9f6e",
    "https://deno.land/std@0.136.0/node/internal/util/debuglog.ts": "6f12a764f5379e9d2675395d15d2fb48bd7376921ef64006ffb022fc7f44ab82",
    "https://deno.land/std@0.136.0/node/internal/util/inspect.mjs": "d1c2569c66a3dab45eec03208f22ad4351482527859c0011a28a6c797288a0aa",
    "https://deno.land/std@0.136.0/node/internal/util/types.ts": "b2dacb8f1f5d28a51c4da5c5b75172b7fcf694073ce95ca141323657e18b0c60",
    "https://deno.land/std@0.136.0/node/internal/validators.mjs": "a7e82eafb7deb85c332d5f8d9ffef052f46a42d4a121eada4a54232451acc49a",
    "https://deno.land/std@0.136.0/node/internal_binding/_libuv_winerror.ts": "801e05c2742ae6cd42a5f0fd555a255a7308a65732551e962e5345f55eedc519",
    "https://deno.land/std@0.136.0/node/internal_binding/_node.ts": "e4075ba8a37aef4eb5b592c8e3807c39cb49ca8653faf8e01a43421938076c1b",
    "https://deno.land/std@0.136.0/node/internal_binding/_utils.ts": "1c50883b5751a9ea1b38951e62ed63bacfdc9d69ea665292edfa28e1b1c5bd94",
    "https://deno.land/std@0.136.0/node/internal_binding/_winerror.ts": "8811d4be66f918c165370b619259c1f35e8c3e458b8539db64c704fbde0a7cd2",
    "https://deno.land/std@0.136.0/node/internal_binding/buffer.ts": "781e1d13adc924864e6e37ecb5152e8a4e994cf394695136e451c47f00bda76c",
    "https://deno.land/std@0.136.0/node/internal_binding/constants.ts": "171c7c5036d90a2ae6ef4fedd7232f29844dc977e50d24ea718d282949d96ffc",
    "https://deno.land/std@0.136.0/node/internal_binding/string_decoder.ts": "5cb1863763d1e9b458bc21d6f976f16d9c18b3b3f57eaf0ade120aee38fba227",
    "https://deno.land/std@0.136.0/node/internal_binding/types.ts": "4c26fb74ba2e45de553c15014c916df6789529a93171e450d5afb016b4c765e7",
    "https://deno.land/std@0.136.0/node/internal_binding/util.ts": "a6d8bfcb180b8ccf1e45e44c4e0551044239a9b72c1c3b40d1cab77c3a7acba6",
    "https://deno.land/std@0.136.0/node/internal_binding/uv.ts": "3821bc5e676d6955d68f581988c961d77dd28190aba5a9c59f16001a4deb34ba",
    "https://deno.land/std@0.136.0/node/util.ts": "7fd6933b37af89a8e64d73dc6ee1732455a59e7e6d0965311fbd73cd634ea630",
    "https://deno.land/std@0.136.0/node/util/types.mjs": "f9288198cacd374b41bae7e92a23179d3160f4c0eaf14e19be3a4e7057219a60",
    "https://deno.land/std@0.136.0/path/_constants.ts": "df1db3ffa6dd6d1252cc9617e5d72165cd2483df90e93833e13580687b6083c3",
    "https://deno.land/std@0.136.0/path/_interface.ts": "ee3b431a336b80cf445441109d089b70d87d5e248f4f90ff906820889ecf8d09",
    "https://deno.land/std@0.136.0/path/_util.ts": "c1e9686d0164e29f7d880b2158971d805b6e0efc3110d0b3e24e4b8af2190d2b",
    "https://deno.land/std@0.136.0/path/common.ts": "bee563630abd2d97f99d83c96c2fa0cca7cee103e8cb4e7699ec4d5db7bd2633",
    "https://deno.land/std@0.136.0/path/glob.ts": "cb5255638de1048973c3e69e420c77dc04f75755524cb3b2e160fe9277d939ee",
    "https://deno.land/std@0.136.0/path/mod.ts": "4275129bb766f0e475ecc5246aa35689eeade419d72a48355203f31802640be7",
    "https://deno.land/std@0.136.0/path/posix.ts": "293cdaec3ecccec0a9cc2b534302dfe308adb6f10861fa183275d6695faace44",
    "https://deno.land/std@0.136.0/path/separator.ts": "fe1816cb765a8068afb3e8f13ad272351c85cbc739af56dacfc7d93d710fe0f9",
    "https://deno.land/std@0.136.0/path/win32.ts": "31811536855e19ba37a999cd8d1b62078235548d67902ece4aa6b814596dd757",
    "https://deno.land/std@0.136.0/streams/conversion.ts": "712585bfa0172a97fb68dd46e784ae8ad59d11b88079d6a4ab098ff42e697d21",
    "https://deno.land/std@0.136.0/testing/_diff.ts": "d8743b5c15d34eb58ae7e4ad43295ee1c7a935029b460a056d901f3aefcead45",
    "https://deno.land/std@0.136.0/testing/_format.ts": "0d8dc79eab15b67cdc532826213bbe05bccfd276ca473a50a3fc7bbfb7260642",
    "https://deno.land/std@0.136.0/testing/asserts.ts": "61d85fc80f548a6e1e66d93fb7874a2c9e097aeecc00643c5f4f340370cde56f",
    "https://deno.land/std@0.141.0/_util/assert.ts": "e94f2eb37cebd7f199952e242c77654e43333c1ac4c5c700e929ea3aa5489f74",
    "https://deno.land/std@0.141.0/bytes/bytes_list.ts": "67eb118e0b7891d2f389dad4add35856f4ad5faab46318ff99653456c23b025d",
    "https://deno.land/std@0.141.0/bytes/equals.ts": "fc16dff2090cced02497f16483de123dfa91e591029f985029193dfaa9d894c9",
    "https://deno.land/std@0.141.0/bytes/mod.ts": "763f97d33051cc3f28af1a688dfe2830841192a9fea0cbaa55f927b49d49d0bf",
    "https://deno.land/std@0.141.0/encoding/_yaml/dumper/dumper.ts": "51998d88c46f2720bf6c2d16416873a0501f69ea8648faf270cba41ad54a5580",
    "https://deno.land/std@0.141.0/encoding/_yaml/dumper/dumper_state.ts": "3c1bc8519c1832f0f136856881b97f0b42f64b7968767dbc36b8b0b6cae963dc",
    "https://deno.land/std@0.141.0/encoding/_yaml/error.ts": "6ca899f6d86c6979bce6d7c3a6a8e2a360b09d8b0f55d2e649bd1233604fb7c9",
    "https://deno.land/std@0.141.0/encoding/_yaml/loader/loader.ts": "d429d545bfed666f2e00572b6694eb70f6c7639926ff4889524e676eeccf9a8b",
    "https://deno.land/std@0.141.0/encoding/_yaml/loader/loader_state.ts": "59124e56d864274ce4043dca8bf63e937c6e960e4ad120465e424b38f3469b2d",
    "https://deno.land/std@0.141.0/encoding/_yaml/mark.ts": "7f67f43755b2602fefe52012eb3ab627880da97edd0f6c00f916ceb2ddb1b5d1",
    "https://deno.land/std@0.141.0/encoding/_yaml/parse.ts": "8f362dc01401099263d73a4bfa00bc90ea456d202507d62a11dfcfeac74484f5",
    "https://deno.land/std@0.141.0/encoding/_yaml/schema.ts": "83717fbf829f1caba84ff02e468c8792c47491fd202b1d95776ed0d8f58ea559",
    "https://deno.land/std@0.141.0/encoding/_yaml/schema/core.ts": "bcb47a389d596369fbfccf73a6b221ac3ca5440149b4f6df1e707f2efc6854ef",
    "https://deno.land/std@0.141.0/encoding/_yaml/schema/default.ts": "8b6bd9cb1cab07a3397e1cc3843edba6ad40d1bd15687c1f56cd977da834d984",
    "https://deno.land/std@0.141.0/encoding/_yaml/schema/extended.ts": "5e0bfd9a28c7a82ba40fc7ff7890df7469ec85390320349974acbc627ae1be88",
    "https://deno.land/std@0.141.0/encoding/_yaml/schema/failsafe.ts": "7254a9ca0dff8f30377098622812e55c4535aaf352fecb4ec51939e596bd74e7",
    "https://deno.land/std@0.141.0/encoding/_yaml/schema/json.ts": "2205d0d3d3377de56f92ac0f4a82bf561ea0d7b86eb195c9f0c32c7c7871d78f",
    "https://deno.land/std@0.141.0/encoding/_yaml/schema/mod.ts": "6769df6082aceee9849f71168f4353ba4f92e4a2a5a429a422debac13a593d4e",
    "https://deno.land/std@0.141.0/encoding/_yaml/state.ts": "374b8dc170417beccb364e543b25eef73576196f4a526836bb3a621b87a204a3",
    "https://deno.land/std@0.141.0/encoding/_yaml/stringify.ts": "ec15035c1928f96f4e42c0a0e9f3082512e294fd6b8ff6a0403a3ee9282f69aa",
    "https://deno.land/std@0.141.0/encoding/_yaml/type.ts": "95ad0cdbab49343b1527ebc7762c477726c34702438375be6781b44e03e9fcfc",
    "https://deno.land/std@0.141.0/encoding/_yaml/type/binary.ts": "8ae1bdeebe090133b1d1e1ef8427d5ea03f8b6f8944bd2eca578c81330700b0a",
    "https://deno.land/std@0.141.0/encoding/_yaml/type/bool.ts": "95c030531adc3d66a59979dc25c2fcdeb1f58ae40a91d6f9e9a537af0fd2b5a4",
    "https://deno.land/std@0.141.0/encoding/_yaml/type/float.ts": "0c39a6a3bb7cd90178c5bcdeb73a7b6865482db5b8b0495883289a8bc2d541fb",
    "https://deno.land/std@0.141.0/encoding/_yaml/type/function.ts": "b5642dda5ef8d47c0325a2b89a022cbce3be45ba21f8c4f9202364d967c6b3e5",
    "https://deno.land/std@0.141.0/encoding/_yaml/type/int.ts": "7197cba96ad8ad3c596ca34a364dacdf91ef396c462c6c2daecbdec056353f3d",
    "https://deno.land/std@0.141.0/encoding/_yaml/type/map.ts": "78bf5447d2e3f79d59bf7cb63a76ca7797854a0d8e2154c6fd35775c4e5c8c61",
    "https://deno.land/std@0.141.0/encoding/_yaml/type/merge.ts": "094b272e6087c6aef39cd9617fa6603ec934e507faad6c276d293e2734f9b083",
    "https://deno.land/std@0.141.0/encoding/_yaml/type/mod.ts": "b2f267dc0b0296cf8f6109aa129e2cf6d1e1f8c59f8903f0330c18749eca2d3c",
    "https://deno.land/std@0.141.0/encoding/_yaml/type/nil.ts": "1988843acab56e99e883cd047c40cc7fb799b6d335f541f022ae3b914abcbe35",
    "https://deno.land/std@0.141.0/encoding/_yaml/type/omap.ts": "fd3f2f9a8ae634996da84d021353ac8bf4b41e714f2711159d756d0e2f3aabd1",
    "https://deno.land/std@0.141.0/encoding/_yaml/type/pairs.ts": "90736f87b6e39a144205a235d8851f7bebf6bb3835fd03742c30253d5ecd7ec5",
    "https://deno.land/std@0.141.0/encoding/_yaml/type/regexp.ts": "a9e70491fa7ede8689b933d81142aa7635a253733a4df626bd479c55cb64222e",
    "https://deno.land/std@0.141.0/encoding/_yaml/type/seq.ts": "135f37a1b6dcb3688bc0dad0c9dc3a04370b1fc94267960586ea23877ffd3088",
    "https://deno.land/std@0.141.0/encoding/_yaml/type/set.ts": "2937ac0e1ce8c121a4009e74568e341e2a380fdb5f41f16050ce2ca7537b2bd8",
    "https://deno.land/std@0.141.0/encoding/_yaml/type/str.ts": "6420d3a0099d9fbc35861241b7dad65b800ff3909efe71ab71c895326187ab8d",
    "https://deno.land/std@0.141.0/encoding/_yaml/type/timestamp.ts": "3db0667dd9bdc3b3f0e8596fff023e87bc9fca230a545bb67d0bf3b732c1c656",
    "https://deno.land/std@0.141.0/encoding/_yaml/type/undefined.ts": "5b595082d064cf50a3345f5fdda8c02beb0768e9d97d4bd4c53ac81a9f94e185",
    "https://deno.land/std@0.141.0/encoding/_yaml/utils.ts": "c7e6bf055b08fffe700c7cbdfa2939cab7b9676ff75b6dc98d72d41b3b173d37",
    "https://deno.land/std@0.141.0/encoding/yaml.ts": "6760095814791325684cd146d10d49eef32bc4328a0516bf88fac9dc2cffa423",
    "https://deno.land/std@0.141.0/io/buffer.ts": "bd0c4bf53db4b4be916ca5963e454bddfd3fcd45039041ea161dbf826817822b",
    "https://esm.sh/@msgpack/msgpack@2.8.0/mod.ts": "fe9393ade1657821b6850db75d462804ccff270a288ea28898a0b78ecd832f95",
    "https://esm.sh/v126/@msgpack/msgpack@2.8.0/denonext/dist.es5+esm.js": "6887ca77bc47aebe9aee5892118f7be28517cc7cc97afd5fc8200b5ea411ed4a",
    "https://esm.sh/v126/@msgpack/msgpack@2.8.0/denonext/dist.es5+esm/CachedKeyDecoder.js": "6c536ef9ccf50359298595a523e5c6b83aa16650b34eded8b9a52886e3a8466a",
    "https://esm.sh/v126/@msgpack/msgpack@2.8.0/denonext/dist.es5+esm/DecodeError.js": "2e4f7e833a6b42108b7d1a293d3b4d465c8a4e6e210432dd5851d4edb8037058",
    "https://esm.sh/v126/@msgpack/msgpack@2.8.0/denonext/dist.es5+esm/Decoder.js": "85468579f99ecdab80812f6eb293820168a8347215ab4c27a7536f76d7491b1f",
    "https://esm.sh/v126/@msgpack/msgpack@2.8.0/denonext/dist.es5+esm/Encoder.js": "080b24401836a02113fa73eee0ddc9bc76b1e6e1a31517bd17298b724c97aaeb",
    "https://esm.sh/v126/@msgpack/msgpack@2.8.0/denonext/dist.es5+esm/ExtData.js": "5ec4bd45138fbb9f8e9b68676e4926d3d1ae75cd904d773c20820429ffe95ce7",
    "https://esm.sh/v126/@msgpack/msgpack@2.8.0/denonext/dist.es5+esm/ExtensionCodec.js": "cde360df1173443f42e6b58d2f506f75ea639563f21fb8d80a15bb33f21c5985",
    "https://esm.sh/v126/@msgpack/msgpack@2.8.0/denonext/dist.es5+esm/decode.js": "15bd3e6ccee689f870772ca70b4777ee62028ba0379e3faa63d04be90414e17c",
    "https://esm.sh/v126/@msgpack/msgpack@2.8.0/denonext/dist.es5+esm/decodeAsync.js": "b2a19e48e3b4a141b3dfc3410523ca2f0ca6b695dad0c58826bb8e124684a0b6",
    "https://esm.sh/v126/@msgpack/msgpack@2.8.0/denonext/dist.es5+esm/encode.js": "f89a9d571e6bc3706c99b4341341f3bf913cf9defe630e47c6ab4b5493efe7a9",
    "https://esm.sh/v126/@msgpack/msgpack@2.8.0/denonext/dist.es5+esm/timestamp.js": "dd616c4a4d30e107195bdd1b5c99a60655318c85748e772261035c0cc643e51b",
    "https://esm.sh/v126/@msgpack/msgpack@2.8.0/denonext/dist.es5+esm/utils/int.js": "7612ad9a4f5210d7d65666f1a2227471edf78e29e530cc24f84c9cc4220fbb67",
    "https://esm.sh/v126/@msgpack/msgpack@2.8.0/denonext/dist.es5+esm/utils/prettyByte.js": "0032c72941037780ec1aead3dbef5eb0e16e9f31cd75f991cba2a7bd15a5b4af",
    "https://esm.sh/v126/@msgpack/msgpack@2.8.0/denonext/dist.es5+esm/utils/stream.js": "0249ba2a9ebabad49a1a2c6822701e6f40b7b6e42513a7a118a161269b55e001",
    "https://esm.sh/v126/@msgpack/msgpack@2.8.0/denonext/dist.es5+esm/utils/typedArrays.js": "bbdf8800da931779c382feb3d388b1683b2fe6ebc5da1e3976c5477163b67059",
    "https://esm.sh/v126/@msgpack/msgpack@2.8.0/denonext/dist.es5+esm/utils/utf8.js": "341d6722ca8084d3724aa9aaf9898e62d8276d801a6aab2e19c9e324941908df",
    "https://esm.sh/v126/@msgpack/msgpack@2.8.0/denonext/mod.ts.js": "f876dc1be26dc58d32e2843222f34537e5bc3fc346a2152f5f5e1cbada1ab37c"
  }
}
